
Microsoft Visual Studio Solution File, Format Version 12.00
# Visual Studio Version 16
VisualStudioVersion = 16.0.32602.291
MinimumVisualStudioVersion = 10.0.40219.1
Project("{FAE04EC0-301F-11D3-BF4B-00C04F79EFBC}") = "TrainingTask1", "TrainingTask1.csproj", "{B84DC3B5-DD7B-4B9D-AFB6-69AE635DE438}"
EndProject
Project("{FAE04EC0-301F-11D3-BF4B-00C04F79EFBC}") = "WorkForceReference", "..\WorkForceReference\WorkForceReference.csproj", "{9BCEC5EE-FBB2-4D31-863E-1180CC56F7AA}"
EndProject
Global
	GlobalSection(SolutionConfigurationPlatforms) = preSolution
		Debug|Any CPU = Debug|Any CPU
		Release|Any CPU = Release|Any CPU
	EndGlobalSection
	GlobalSection(ProjectConfigurationPlatforms) = postSolution
		{B84DC3B5-DD7B-4B9D-AFB6-69AE635DE438}.Debug|Any CPU.ActiveCfg = Debug|Any CPU
		{B84DC3B5-DD7B-4B9D-AFB6-69AE635DE438}.Debug|Any CPU.Build.0 = Debug|Any CPU
		{B84DC3B5-DD7B-4B9D-AFB6-69AE635DE438}.Release|Any CPU.ActiveCfg = Release|Any CPU
		{B84DC3B5-DD7B-4B9D-AFB6-69AE635DE438}.Release|Any CPU.Build.0 = Release|Any CPU
		{9BCEC5EE-FBB2-4D31-863E-1180CC56F7AA}.Debug|Any CPU.ActiveCfg = Debug|Any CPU
		{9BCEC5EE-FBB2-4D31-863E-1180CC56F7AA}.Debug|Any CPU.Build.0 = Debug|Any CPU
		{9BCEC5EE-FBB2-4D31-863E-1180CC56F7AA}.Release|Any CPU.ActiveCfg = Release|Any CPU
		{9BCEC5EE-FBB2-4D31-863E-1180CC56F7AA}.Release|Any CPU.Build.0 = Release|Any CPU
	EndGlobalSection
	GlobalSection(SolutionProperties) = preSolution
		HideSolutionNode = FALSE
	EndGlobalSection
	GlobalSection(ExtensibilityGlobals) = postSolution
		SolutionGuid = {44FBC810-02FC-4B4B-A67F-74DCB5BA8D13}
	EndGlobalSection
EndGlobal
